
Microsoft Visual Studio Solution File, Format Version 12.00
# Visual Studio Version 17
VisualStudioVersion = 17.4.33213.308
MinimumVisualStudioVersion = 10.0.40219.1
Project("{FAE04EC0-301F-11D3-BF4B-00C04F79EFBC}") = "BrainTraining", "BrainTraining\BrainTraining.csproj", "{48438DF2-99AC-42FC-B500-2EDB92B9A26F}"
EndProject
Global
	GlobalSection(SolutionConfigurationPlatforms) = preSolution
		Debug|Any CPU = Debug|Any CPU
		Release|Any CPU = Release|Any CPU
	EndGlobalSection
	GlobalSection(ProjectConfigurationPlatforms) = postSolution
		{48438DF2-99AC-42FC-B500-2EDB92B9A26F}.Debug|Any CPU.ActiveCfg = Debug|Any CPU
		{48438DF2-99AC-42FC-B500-2EDB92B9A26F}.Debug|Any CPU.Build.0 = Debug|Any CPU
		{48438DF2-99AC-42FC-B500-2EDB92B9A26F}.Release|Any CPU.ActiveCfg = Release|Any CPU
		{48438DF2-99AC-42FC-B500-2EDB92B9A26F}.Release|Any CPU.Build.0 = Release|Any CPU
	EndGlobalSection
	GlobalSection(SolutionProperties) = preSolution
		HideSolutionNode = FALSE
	EndGlobalSection
	GlobalSection(ExtensibilityGlobals) = postSolution
		SolutionGuid = {D7F21BB1-A844-4F12-A5FD-F0BED6CBEBDE}
	EndGlobalSection
EndGlobal
